
Microsoft Visual Studio Solution File, Format Version 12.00
# Visual Studio Version 17
VisualStudioVersion = 17.14.36623.8
MinimumVisualStudioVersion = 10.0.40219.1
Project("{FAE04EC0-301F-11D3-BF4B-00C04F79EFBC}") = "ConnectOnion.WinUIClient", "ConnectOnion.WinUIClient.csproj", "{665D9101-CFA7-4630-AA45-3DCBB146BDFC}"
EndProject
Project("{FAE04EC0-301F-11D3-BF4B-00C04F79EFBC}") = "ConnectOnion.Protocol", "..\ConnectOnion.Protocol\ConnectOnion.Protocol.csproj", "{6E941501-8CE3-4EB3-8BDA-6933501118CA}"
EndProject
Project("{FAE04EC0-301F-11D3-BF4B-00C04F79EFBC}") = "ConnectOnion.Protocol.Conformance", "..\ConnectOnion.Protocol.Conformance\ConnectOnion.Protocol.Conformance.csproj", "{6F17E072-630A-4455-9C28-CE02742CA0EE}"
EndProject
Project("{FAE04EC0-301F-11D3-BF4B-00C04F79EFBC}") = "ConnectOnion.Protocol.Tests", "..\tests\ConnectOnion.Protocol.Tests\ConnectOnion.Protocol.Tests.csproj", "{F112F3C4-86B9-44BD-872A-07FE8C773DEC}"
EndProject
Project("{FAE04EC0-301F-11D3-BF4B-00C04F79EFBC}") = "ConnectOnion.WinUIClient.UnitTests", "..\tests\ConnectOnion.WinUIClient.UnitTests\ConnectOnion.WinUIClient.UnitTests.csproj", "{6172EA4C-F36B-4346-8006-AFB32A09D136}"
EndProject
Project("{FAE04EC0-301F-11D3-BF4B-00C04F79EFBC}") = "ConnectOnion.IntegrationTests", "..\tests\ConnectOnion.IntegrationTests\ConnectOnion.IntegrationTests.csproj", "{FA2D3F6C-5054-479D-AF1C-76CFEF9622D2}"
EndProject
Project("{FAE04EC0-301F-11D3-BF4B-00C04F79EFBC}") = "ConnectOnion.WinUIClient.Core", "..\ConnectOnion.WinUIClient.Core\ConnectOnion.WinUIClient.Core.csproj", "{52B68CDA-26DE-4741-81CB-0F5308264720}"
EndProject
Project("{FAE04EC0-301F-11D3-BF4B-00C04F79EFBC}") = "ConnectOnion.WinUIClient.UITests", "..\tests\ConnectOnion.WinUIClient.UITests\ConnectOnion.WinUIClient.UITests.csproj", "{9D4015DF-1265-45AF-8DFD-C1F49749563E}"
EndProject
Project("{FAE04EC0-301F-11D3-BF4B-00C04F79EFBC}") = "ConnectOnion.PortableLauncher", "..\ConnectOnion.PortableLauncher\ConnectOnion.PortableLauncher.csproj", "{DAD5256D-B919-4642-B61A-6451BBFA289C}"
EndProject
Global
	GlobalSection(SolutionConfigurationPlatforms) = preSolution
		Debug|ARM64 = Debug|ARM64
		Debug|x64 = Debug|x64
		Debug|x86 = Debug|x86
		Debug|Any CPU = Debug|Any CPU
		Release|ARM64 = Release|ARM64
		Release|x64 = Release|x64
		Release|x86 = Release|x86
		Release|Any CPU = Release|Any CPU
	EndGlobalSection
	GlobalSection(ProjectConfigurationPlatforms) = postSolution
		{665D9101-CFA7-4630-AA45-3DCBB146BDFC}.Debug|ARM64.ActiveCfg = Debug|ARM64
		{665D9101-CFA7-4630-AA45-3DCBB146BDFC}.Debug|ARM64.Build.0 = Debug|ARM64
		{665D9101-CFA7-4630-AA45-3DCBB146BDFC}.Debug|ARM64.Deploy.0 = Debug|ARM64
		{665D9101-CFA7-4630-AA45-3DCBB146BDFC}.Debug|x64.ActiveCfg = Debug|x64
		{665D9101-CFA7-4630-AA45-3DCBB146BDFC}.Debug|x64.Build.0 = Debug|x64
		{665D9101-CFA7-4630-AA45-3DCBB146BDFC}.Debug|x64.Deploy.0 = Debug|x64
		{665D9101-CFA7-4630-AA45-3DCBB146BDFC}.Debug|x86.ActiveCfg = Debug|x86
		{665D9101-CFA7-4630-AA45-3DCBB146BDFC}.Debug|x86.Build.0 = Debug|x86
		{665D9101-CFA7-4630-AA45-3DCBB146BDFC}.Debug|x86.Deploy.0 = Debug|x86
		{665D9101-CFA7-4630-AA45-3DCBB146BDFC}.Debug|Any CPU.ActiveCfg = Debug|Any CPU
		{665D9101-CFA7-4630-AA45-3DCBB146BDFC}.Debug|Any CPU.Build.0 = Debug|Any CPU
		{665D9101-CFA7-4630-AA45-3DCBB146BDFC}.Release|ARM64.ActiveCfg = Release|ARM64
		{665D9101-CFA7-4630-AA45-3DCBB146BDFC}.Release|ARM64.Build.0 = Release|ARM64
		{665D9101-CFA7-4630-AA45-3DCBB146BDFC}.Release|ARM64.Deploy.0 = Release|ARM64
		{665D9101-CFA7-4630-AA45-3DCBB146BDFC}.Release|x64.ActiveCfg = Release|x64
		{665D9101-CFA7-4630-AA45-3DCBB146BDFC}.Release|x64.Build.0 = Release|x64
		{665D9101-CFA7-4630-AA45-3DCBB146BDFC}.Release|x64.Deploy.0 = Release|x64
		{665D9101-CFA7-4630-AA45-3DCBB146BDFC}.Release|x86.ActiveCfg = Release|x86
		{665D9101-CFA7-4630-AA45-3DCBB146BDFC}.Release|x86.Build.0 = Release|x86
		{665D9101-CFA7-4630-AA45-3DCBB146BDFC}.Release|x86.Deploy.0 = Release|x86
		{665D9101-CFA7-4630-AA45-3DCBB146BDFC}.Release|Any CPU.ActiveCfg = Release|Any CPU
		{665D9101-CFA7-4630-AA45-3DCBB146BDFC}.Release|Any CPU.Build.0 = Release|Any CPU
		{6E941501-8CE3-4EB3-8BDA-6933501118CA}.Debug|ARM64.ActiveCfg = Debug|Any CPU
		{6E941501-8CE3-4EB3-8BDA-6933501118CA}.Debug|ARM64.Build.0 = Debug|Any CPU
		{6E941501-8CE3-4EB3-8BDA-6933501118CA}.Debug|x64.ActiveCfg = Debug|Any CPU
		{6E941501-8CE3-4EB3-8BDA-6933501118CA}.Debug|x64.Build.0 = Debug|Any CPU
		{6E941501-8CE3-4EB3-8BDA-6933501118CA}.Debug|x86.ActiveCfg = Debug|Any CPU
		{6E941501-8CE3-4EB3-8BDA-6933501118CA}.Debug|x86.Build.0 = Debug|Any CPU
		{6E941501-8CE3-4EB3-8BDA-6933501118CA}.Debug|Any CPU.ActiveCfg = Debug|Any CPU
		{6E941501-8CE3-4EB3-8BDA-6933501118CA}.Debug|Any CPU.Build.0 = Debug|Any CPU
		{6E941501-8CE3-4EB3-8BDA-6933501118CA}.Release|ARM64.ActiveCfg = Release|Any CPU
		{6E941501-8CE3-4EB3-8BDA-6933501118CA}.Release|ARM64.Build.0 = Release|Any CPU
		{6E941501-8CE3-4EB3-8BDA-6933501118CA}.Release|x64.ActiveCfg = Release|Any CPU
		{6E941501-8CE3-4EB3-8BDA-6933501118CA}.Release|x64.Build.0 = Release|Any CPU
		{6E941501-8CE3-4EB3-8BDA-6933501118CA}.Release|x86.ActiveCfg = Release|Any CPU
		{6E941501-8CE3-4EB3-8BDA-6933501118CA}.Release|x86.Build.0 = Release|Any CPU
		{6E941501-8CE3-4EB3-8BDA-6933501118CA}.Release|Any CPU.ActiveCfg = Release|Any CPU
		{6E941501-8CE3-4EB3-8BDA-6933501118CA}.Release|Any CPU.Build.0 = Release|Any CPU
		{6F17E072-630A-4455-9C28-CE02742CA0EE}.Debug|ARM64.ActiveCfg = Debug|Any CPU
		{6F17E072-630A-4455-9C28-CE02742CA0EE}.Debug|ARM64.Build.0 = Debug|Any CPU
		{6F17E072-630A-4455-9C28-CE02742CA0EE}.Debug|x64.ActiveCfg = Debug|Any CPU
		{6F17E072-630A-4455-9C28-CE02742CA0EE}.Debug|x64.Build.0 = Debug|Any CPU
		{6F17E072-630A-4455-9C28-CE02742CA0EE}.Debug|x86.ActiveCfg = Debug|Any CPU
		{6F17E072-630A-4455-9C28-CE02742CA0EE}.Debug|x86.Build.0 = Debug|Any CPU
		{6F17E072-630A-4455-9C28-CE02742CA0EE}.Debug|Any CPU.ActiveCfg = Debug|Any CPU
		{6F17E072-630A-4455-9C28-CE02742CA0EE}.Debug|Any CPU.Build.0 = Debug|Any CPU
		{6F17E072-630A-4455-9C28-CE02742CA0EE}.Release|ARM64.ActiveCfg = Release|Any CPU
		{6F17E072-630A-4455-9C28-CE02742CA0EE}.Release|ARM64.Build.0 = Release|Any CPU
		{6F17E072-630A-4455-9C28-CE02742CA0EE}.Release|x64.ActiveCfg = Release|Any CPU
		{6F17E072-630A-4455-9C28-CE02742CA0EE}.Release|x64.Build.0 = Release|Any CPU
		{6F17E072-630A-4455-9C28-CE02742CA0EE}.Release|x86.ActiveCfg = Release|Any CPU
		{6F17E072-630A-4455-9C28-CE02742CA0EE}.Release|x86.Build.0 = Release|Any CPU
		{6F17E072-630A-4455-9C28-CE02742CA0EE}.Release|Any CPU.ActiveCfg = Release|Any CPU
		{6F17E072-630A-4455-9C28-CE02742CA0EE}.Release|Any CPU.Build.0 = Release|Any CPU
		{F112F3C4-86B9-44BD-872A-07FE8C773DEC}.Debug|ARM64.ActiveCfg = Debug|Any CPU
		{F112F3C4-86B9-44BD-872A-07FE8C773DEC}.Debug|ARM64.Build.0 = Debug|Any CPU
		{F112F3C4-86B9-44BD-872A-07FE8C773DEC}.Debug|x64.ActiveCfg = Debug|Any CPU
		{F112F3C4-86B9-44BD-872A-07FE8C773DEC}.Debug|x64.Build.0 = Debug|Any CPU
		{F112F3C4-86B9-44BD-872A-07FE8C773DEC}.Debug|x86.ActiveCfg = Debug|Any CPU
		{F112F3C4-86B9-44BD-872A-07FE8C773DEC}.Debug|x86.Build.0 = Debug|Any CPU
		{F112F3C4-86B9-44BD-872A-07FE8C773DEC}.Debug|Any CPU.ActiveCfg = Debug|Any CPU
		{F112F3C4-86B9-44BD-872A-07FE8C773DEC}.Debug|Any CPU.Build.0 = Debug|Any CPU
		{F112F3C4-86B9-44BD-872A-07FE8C773DEC}.Release|ARM64.ActiveCfg = Release|Any CPU
		{F112F3C4-86B9-44BD-872A-07FE8C773DEC}.Release|ARM64.Build.0 = Release|Any CPU
		{F112F3C4-86B9-44BD-872A-07FE8C773DEC}.Release|x64.ActiveCfg = Release|Any CPU
		{F112F3C4-86B9-44BD-872A-07FE8C773DEC}.Release|x64.Build.0 = Release|Any CPU
		{F112F3C4-86B9-44BD-872A-07FE8C773DEC}.Release|x86.ActiveCfg = Release|Any CPU
		{F112F3C4-86B9-44BD-872A-07FE8C773DEC}.Release|x86.Build.0 = Release|Any CPU
		{F112F3C4-86B9-44BD-872A-07FE8C773DEC}.Release|Any CPU.ActiveCfg = Release|Any CPU
		{F112F3C4-86B9-44BD-872A-07FE8C773DEC}.Release|Any CPU.Build.0 = Release|Any CPU
		{6172EA4C-F36B-4346-8006-AFB32A09D136}.Debug|ARM64.ActiveCfg = Debug|Any CPU
		{6172EA4C-F36B-4346-8006-AFB32A09D136}.Debug|ARM64.Build.0 = Debug|Any CPU
		{6172EA4C-F36B-4346-8006-AFB32A09D136}.Debug|x64.ActiveCfg = Debug|Any CPU
		{6172EA4C-F36B-4346-8006-AFB32A09D136}.Debug|x64.Build.0 = Debug|Any CPU
		{6172EA4C-F36B-4346-8006-AFB32A09D136}.Debug|x86.ActiveCfg = Debug|Any CPU
		{6172EA4C-F36B-4346-8006-AFB32A09D136}.Debug|x86.Build.0 = Debug|Any CPU
		{6172EA4C-F36B-4346-8006-AFB32A09D136}.Debug|Any CPU.ActiveCfg = Debug|Any CPU
		{6172EA4C-F36B-4346-8006-AFB32A09D136}.Debug|Any CPU.Build.0 = Debug|Any CPU
		{6172EA4C-F36B-4346-8006-AFB32A09D136}.Release|ARM64.ActiveCfg = Release|Any CPU
		{6172EA4C-F36B-4346-8006-AFB32A09D136}.Release|ARM64.Build.0 = Release|Any CPU
		{6172EA4C-F36B-4346-8006-AFB32A09D136}.Release|x64.ActiveCfg = Release|Any CPU
		{6172EA4C-F36B-4346-8006-AFB32A09D136}.Release|x64.Build.0 = Release|Any CPU
		{6172EA4C-F36B-4346-8006-AFB32A09D136}.Release|x86.ActiveCfg = Release|Any CPU
		{6172EA4C-F36B-4346-8006-AFB32A09D136}.Release|x86.Build.0 = Release|Any CPU
		{6172EA4C-F36B-4346-8006-AFB32A09D136}.Release|Any CPU.ActiveCfg = Release|Any CPU
		{6172EA4C-F36B-4346-8006-AFB32A09D136}.Release|Any CPU.Build.0 = Release|Any CPU
		{FA2D3F6C-5054-479D-AF1C-76CFEF9622D2}.Debug|ARM64.ActiveCfg = Debug|Any CPU
		{FA2D3F6C-5054-479D-AF1C-76CFEF9622D2}.Debug|ARM64.Build.0 = Debug|Any CPU
		{FA2D3F6C-5054-479D-AF1C-76CFEF9622D2}.Debug|x64.ActiveCfg = Debug|Any CPU
		{FA2D3F6C-5054-479D-AF1C-76CFEF9622D2}.Debug|x64.Build.0 = Debug|Any CPU
		{FA2D3F6C-5054-479D-AF1C-76CFEF9622D2}.Debug|x86.ActiveCfg = Debug|Any CPU
		{FA2D3F6C-5054-479D-AF1C-76CFEF9622D2}.Debug|x86.Build.0 = Debug|Any CPU
		{FA2D3F6C-5054-479D-AF1C-76CFEF9622D2}.Debug|Any CPU.ActiveCfg = Debug|Any CPU
		{FA2D3F6C-5054-479D-AF1C-76CFEF9622D2}.Debug|Any CPU.Build.0 = Debug|Any CPU
		{FA2D3F6C-5054-479D-AF1C-76CFEF9622D2}.Release|ARM64.ActiveCfg = Release|Any CPU
		{FA2D3F6C-5054-479D-AF1C-76CFEF9622D2}.Release|ARM64.Build.0 = Release|Any CPU
		{FA2D3F6C-5054-479D-AF1C-76CFEF9622D2}.Release|x64.ActiveCfg = Release|Any CPU
		{FA2D3F6C-5054-479D-AF1C-76CFEF9622D2}.Release|x64.Build.0 = Release|Any CPU
		{FA2D3F6C-5054-479D-AF1C-76CFEF9622D2}.Release|x86.ActiveCfg = Release|Any CPU
		{FA2D3F6C-5054-479D-AF1C-76CFEF9622D2}.Release|x86.Build.0 = Release|Any CPU
		{FA2D3F6C-5054-479D-AF1C-76CFEF9622D2}.Release|Any CPU.ActiveCfg = Release|Any CPU
		{FA2D3F6C-5054-479D-AF1C-76CFEF9622D2}.Release|Any CPU.Build.0 = Release|Any CPU
		{52B68CDA-26DE-4741-81CB-0F5308264720}.Debug|ARM64.ActiveCfg = Debug|Any CPU
		{52B68CDA-26DE-4741-81CB-0F5308264720}.Debug|ARM64.Build.0 = Debug|Any CPU
		{52B68CDA-26DE-4741-81CB-0F5308264720}.Debug|x64.ActiveCfg = Debug|Any CPU
		{52B68CDA-26DE-4741-81CB-0F5308264720}.Debug|x64.Build.0 = Debug|Any CPU
		{52B68CDA-26DE-4741-81CB-0F5308264720}.Debug|x86.ActiveCfg = Debug|Any CPU
		{52B68CDA-26DE-4741-81CB-0F5308264720}.Debug|x86.Build.0 = Debug|Any CPU
		{52B68CDA-26DE-4741-81CB-0F5308264720}.Debug|Any CPU.ActiveCfg = Debug|Any CPU
		{52B68CDA-26DE-4741-81CB-0F5308264720}.Debug|Any CPU.Build.0 = Debug|Any CPU
		{52B68CDA-26DE-4741-81CB-0F5308264720}.Release|ARM64.ActiveCfg = Release|Any CPU
		{52B68CDA-26DE-4741-81CB-0F5308264720}.Release|ARM64.Build.0 = Release|Any CPU
		{52B68CDA-26DE-4741-81CB-0F5308264720}.Release|x64.ActiveCfg = Release|Any CPU
		{52B68CDA-26DE-4741-81CB-0F5308264720}.Release|x64.Build.0 = Release|Any CPU
		{52B68CDA-26DE-4741-81CB-0F5308264720}.Release|x86.ActiveCfg = Release|Any CPU
		{52B68CDA-26DE-4741-81CB-0F5308264720}.Release|x86.Build.0 = Release|Any CPU
		{52B68CDA-26DE-4741-81CB-0F5308264720}.Release|Any CPU.ActiveCfg = Release|Any CPU
		{52B68CDA-26DE-4741-81CB-0F5308264720}.Release|Any CPU.Build.0 = Release|Any CPU
		{9D4015DF-1265-45AF-8DFD-C1F49749563E}.Debug|ARM64.ActiveCfg = Debug|Any CPU
		{9D4015DF-1265-45AF-8DFD-C1F49749563E}.Debug|ARM64.Build.0 = Debug|Any CPU
		{9D4015DF-1265-45AF-8DFD-C1F49749563E}.Debug|x64.ActiveCfg = Debug|Any CPU
		{9D4015DF-1265-45AF-8DFD-C1F49749563E}.Debug|x64.Build.0 = Debug|Any CPU
		{9D4015DF-1265-45AF-8DFD-C1F49749563E}.Debug|x86.ActiveCfg = Debug|Any CPU
		{9D4015DF-1265-45AF-8DFD-C1F49749563E}.Debug|x86.Build.0 = Debug|Any CPU
		{9D4015DF-1265-45AF-8DFD-C1F49749563E}.Debug|Any CPU.ActiveCfg = Debug|Any CPU
		{9D4015DF-1265-45AF-8DFD-C1F49749563E}.Debug|Any CPU.Build.0 = Debug|Any CPU
		{9D4015DF-1265-45AF-8DFD-C1F49749563E}.Release|ARM64.ActiveCfg = Release|Any CPU
		{9D4015DF-1265-45AF-8DFD-C1F49749563E}.Release|ARM64.Build.0 = Release|Any CPU
		{9D4015DF-1265-45AF-8DFD-C1F49749563E}.Release|x64.ActiveCfg = Release|Any CPU
		{9D4015DF-1265-45AF-8DFD-C1F49749563E}.Release|x64.Build.0 = Release|Any CPU
		{9D4015DF-1265-45AF-8DFD-C1F49749563E}.Release|x86.ActiveCfg = Release|Any CPU
		{9D4015DF-1265-45AF-8DFD-C1F49749563E}.Release|x86.Build.0 = Release|Any CPU
		{9D4015DF-1265-45AF-8DFD-C1F49749563E}.Release|Any CPU.ActiveCfg = Release|Any CPU
		{9D4015DF-1265-45AF-8DFD-C1F49749563E}.Release|Any CPU.Build.0 = Release|Any CPU
		{DAD5256D-B919-4642-B61A-6451BBFA289C}.Debug|ARM64.ActiveCfg = Debug|ARM64
		{DAD5256D-B919-4642-B61A-6451BBFA289C}.Debug|ARM64.Build.0 = Debug|ARM64
		{DAD5256D-B919-4642-B61A-6451BBFA289C}.Debug|x64.ActiveCfg = Debug|x64
		{DAD5256D-B919-4642-B61A-6451BBFA289C}.Debug|x64.Build.0 = Debug|x64
		{DAD5256D-B919-4642-B61A-6451BBFA289C}.Debug|x86.ActiveCfg = Debug|x86
		{DAD5256D-B919-4642-B61A-6451BBFA289C}.Debug|x86.Build.0 = Debug|x86
		{DAD5256D-B919-4642-B61A-6451BBFA289C}.Debug|Any CPU.ActiveCfg = Debug|x86
		{DAD5256D-B919-4642-B61A-6451BBFA289C}.Debug|Any CPU.Build.0 = Debug|x86
		{DAD5256D-B919-4642-B61A-6451BBFA289C}.Release|ARM64.ActiveCfg = Release|ARM64
		{DAD5256D-B919-4642-B61A-6451BBFA289C}.Release|ARM64.Build.0 = Release|ARM64
		{DAD5256D-B919-4642-B61A-6451BBFA289C}.Release|x64.ActiveCfg = Release|x64
		{DAD5256D-B919-4642-B61A-6451BBFA289C}.Release|x64.Build.0 = Release|x64
		{DAD5256D-B919-4642-B61A-6451BBFA289C}.Release|x86.ActiveCfg = Release|x86
		{DAD5256D-B919-4642-B61A-6451BBFA289C}.Release|x86.Build.0 = Release|x86
		{DAD5256D-B919-4642-B61A-6451BBFA289C}.Release|Any CPU.ActiveCfg = Release|x86
		{DAD5256D-B919-4642-B61A-6451BBFA289C}.Release|Any CPU.Build.0 = Release|x86
	EndGlobalSection
	GlobalSection(SolutionProperties) = preSolution
		HideSolutionNode = FALSE
	EndGlobalSection
	GlobalSection(ExtensibilityGlobals) = postSolution
		SolutionGuid = {03AA116B-3347-4C08-85DB-A6EEDC08D9FE}
	EndGlobalSection
EndGlobal
